
Microsoft Visual Studio Solution File, Format Version 12.00
# Visual Studio Version 16
VisualStudioVersion = 16.0.31729.503
MinimumVisualStudioVersion = 10.0.40219.1
Project("{FAE04EC0-301F-11D3-BF4B-00C04F79EFBC}") = "LineComparisonProblame", "LineComparisonProblame.csproj", "{1458058A-5699-4646-8720-AEBA49B8C7B1}"
EndProject
Global
	GlobalSection(SolutionConfigurationPlatforms) = preSolution
		Debug|Any CPU = Debug|Any CPU
		Release|Any CPU = Release|Any CPU
	EndGlobalSection
	GlobalSection(ProjectConfigurationPlatforms) = postSolution
		{1458058A-5699-4646-8720-AEBA49B8C7B1}.Debug|Any CPU.ActiveCfg = Debug|Any CPU
		{1458058A-5699-4646-8720-AEBA49B8C7B1}.Debug|Any CPU.Build.0 = Debug|Any CPU
		{1458058A-5699-4646-8720-AEBA49B8C7B1}.Release|Any CPU.ActiveCfg = Release|Any CPU
		{1458058A-5699-4646-8720-AEBA49B8C7B1}.Release|Any CPU.Build.0 = Release|Any CPU
	EndGlobalSection
	GlobalSection(SolutionProperties) = preSolution
		HideSolutionNode = FALSE
	EndGlobalSection
	GlobalSection(ExtensibilityGlobals) = postSolution
		SolutionGuid = {0EBC8F13-7371-48C8-875E-A813CA97D50E}
	EndGlobalSection
EndGlobal
